
Microsoft Visual Studio Solution File, Format Version 12.00
# Visual Studio 2012
VisualStudioVersion = 12.0.31101.0
MinimumVisualStudioVersion = 10.0.40219.1
Project("{FAE04EC0-301F-11D3-BF4B-00C04F79EFBC}") = "AppWebinar", "AppWebinar\AppWebinar\AppWebinar.csproj", "{0932E5DA-AAF4-4CDF-8267-B13C2782B0D0}"
EndProject
Project("{FAE04EC0-301F-11D3-BF4B-00C04F79EFBC}") = "AppWebinar.iOS", "AppWebinar\AppWebinar.iOS\AppWebinar.iOS.csproj", "{98F7F542-8365-4F4C-8276-46050086953D}"
EndProject
Project("{FAE04EC0-301F-11D3-BF4B-00C04F79EFBC}") = "AppWebinar.Droid", "AppWebinar\AppWebinar.Droid\AppWebinar.Droid.csproj", "{B09C1F88-D2A3-42C3-8995-2D08F63B3576}"
EndProject
Project("{FAE04EC0-301F-11D3-BF4B-00C04F79EFBC}") = "AppWebinar.WinPhone", "AppWebinar\AppWebinar.WinPhone\AppWebinar.WinPhone.csproj", "{13C0B160-409E-4F54-AC87-36576C8E0DB5}"
EndProject
Global
	GlobalSection(SolutionConfigurationPlatforms) = preSolution
		Ad-Hoc|Any CPU = Ad-Hoc|Any CPU
		Ad-Hoc|ARM = Ad-Hoc|ARM
		Ad-Hoc|iPhone = Ad-Hoc|iPhone
		Ad-Hoc|iPhoneSimulator = Ad-Hoc|iPhoneSimulator
		Ad-Hoc|Mixed Platforms = Ad-Hoc|Mixed Platforms
		Ad-Hoc|x86 = Ad-Hoc|x86
		AppStore|Any CPU = AppStore|Any CPU
		AppStore|ARM = AppStore|ARM
		AppStore|iPhone = AppStore|iPhone
		AppStore|iPhoneSimulator = AppStore|iPhoneSimulator
		AppStore|Mixed Platforms = AppStore|Mixed Platforms
		AppStore|x86 = AppStore|x86
		Debug|Any CPU = Debug|Any CPU
		Debug|ARM = Debug|ARM
		Debug|iPhone = Debug|iPhone
		Debug|iPhoneSimulator = Debug|iPhoneSimulator
		Debug|Mixed Platforms = Debug|Mixed Platforms
		Debug|x86 = Debug|x86
		Release|Any CPU = Release|Any CPU
		Release|ARM = Release|ARM
		Release|iPhone = Release|iPhone
		Release|iPhoneSimulator = Release|iPhoneSimulator
		Release|Mixed Platforms = Release|Mixed Platforms
		Release|x86 = Release|x86
	EndGlobalSection
	GlobalSection(ProjectConfigurationPlatforms) = postSolution
		{0932E5DA-AAF4-4CDF-8267-B13C2782B0D0}.Ad-Hoc|Any CPU.ActiveCfg = Release|Any CPU
		{0932E5DA-AAF4-4CDF-8267-B13C2782B0D0}.Ad-Hoc|Any CPU.Build.0 = Release|Any CPU
		{0932E5DA-AAF4-4CDF-8267-B13C2782B0D0}.Ad-Hoc|ARM.ActiveCfg = Release|Any CPU
		{0932E5DA-AAF4-4CDF-8267-B13C2782B0D0}.Ad-Hoc|iPhone.ActiveCfg = Release|Any CPU
		{0932E5DA-AAF4-4CDF-8267-B13C2782B0D0}.Ad-Hoc|iPhoneSimulator.ActiveCfg = Release|Any CPU
		{0932E5DA-AAF4-4CDF-8267-B13C2782B0D0}.Ad-Hoc|Mixed Platforms.ActiveCfg = Release|Any CPU
		{0932E5DA-AAF4-4CDF-8267-B13C2782B0D0}.Ad-Hoc|Mixed Platforms.Build.0 = Release|Any CPU
		{0932E5DA-AAF4-4CDF-8267-B13C2782B0D0}.Ad-Hoc|x86.ActiveCfg = Release|Any CPU
		{0932E5DA-AAF4-4CDF-8267-B13C2782B0D0}.AppStore|Any CPU.ActiveCfg = Release|Any CPU
		{0932E5DA-AAF4-4CDF-8267-B13C2782B0D0}.AppStore|Any CPU.Build.0 = Release|Any CPU
		{0932E5DA-AAF4-4CDF-8267-B13C2782B0D0}.AppStore|ARM.ActiveCfg = Release|Any CPU
		{0932E5DA-AAF4-4CDF-8267-B13C2782B0D0}.AppStore|iPhone.ActiveCfg = Release|Any CPU
		{0932E5DA-AAF4-4CDF-8267-B13C2782B0D0}.AppStore|iPhoneSimulator.ActiveCfg = Release|Any CPU
		{0932E5DA-AAF4-4CDF-8267-B13C2782B0D0}.AppStore|Mixed Platforms.ActiveCfg = Release|Any CPU
		{0932E5DA-AAF4-4CDF-8267-B13C2782B0D0}.AppStore|Mixed Platforms.Build.0 = Release|Any CPU
		{0932E5DA-AAF4-4CDF-8267-B13C2782B0D0}.AppStore|x86.ActiveCfg = Release|Any CPU
		{0932E5DA-AAF4-4CDF-8267-B13C2782B0D0}.Debug|Any CPU.ActiveCfg = Debug|Any CPU
		{0932E5DA-AAF4-4CDF-8267-B13C2782B0D0}.Debug|Any CPU.Build.0 = Debug|Any CPU
		{0932E5DA-AAF4-4CDF-8267-B13C2782B0D0}.Debug|ARM.ActiveCfg = Debug|Any CPU
		{0932E5DA-AAF4-4CDF-8267-B13C2782B0D0}.Debug|iPhone.ActiveCfg = Debug|Any CPU
		{0932E5DA-AAF4-4CDF-8267-B13C2782B0D0}.Debug|iPhoneSimulator.ActiveCfg = Debug|Any CPU
		{0932E5DA-AAF4-4CDF-8267-B13C2782B0D0}.Debug|Mixed Platforms.ActiveCfg = Debug|Any CPU
		{0932E5DA-AAF4-4CDF-8267-B13C2782B0D0}.Debug|Mixed Platforms.Build.0 = Debug|Any CPU
		{0932E5DA-AAF4-4CDF-8267-B13C2782B0D0}.Debug|x86.ActiveCfg = Debug|Any CPU
		{0932E5DA-AAF4-4CDF-8267-B13C2782B0D0}.Release|Any CPU.ActiveCfg = Release|Any CPU
		{0932E5DA-AAF4-4CDF-8267-B13C2782B0D0}.Release|Any CPU.Build.0 = Release|Any CPU
		{0932E5DA-AAF4-4CDF-8267-B13C2782B0D0}.Release|ARM.ActiveCfg = Release|Any CPU
		{0932E5DA-AAF4-4CDF-8267-B13C2782B0D0}.Release|iPhone.ActiveCfg = Release|Any CPU
		{0932E5DA-AAF4-4CDF-8267-B13C2782B0D0}.Release|iPhoneSimulator.ActiveCfg = Release|Any CPU
		{0932E5DA-AAF4-4CDF-8267-B13C2782B0D0}.Release|Mixed Platforms.ActiveCfg = Release|Any CPU
		{0932E5DA-AAF4-4CDF-8267-B13C2782B0D0}.Release|Mixed Platforms.Build.0 = Release|Any CPU
		{0932E5DA-AAF4-4CDF-8267-B13C2782B0D0}.Release|x86.ActiveCfg = Release|Any CPU
		{13C0B160-409E-4F54-AC87-36576C8E0DB5}.Ad-Hoc|Any CPU.ActiveCfg = Release|Any CPU
		{13C0B160-409E-4F54-AC87-36576C8E0DB5}.Ad-Hoc|Any CPU.Build.0 = Release|Any CPU
		{13C0B160-409E-4F54-AC87-36576C8E0DB5}.Ad-Hoc|Any CPU.Deploy.0 = Release|Any CPU
		{13C0B160-409E-4F54-AC87-36576C8E0DB5}.Ad-Hoc|ARM.ActiveCfg = Release|ARM
		{13C0B160-409E-4F54-AC87-36576C8E0DB5}.Ad-Hoc|ARM.Build.0 = Release|ARM
		{13C0B160-409E-4F54-AC87-36576C8E0DB5}.Ad-Hoc|ARM.Deploy.0 = Release|ARM
		{13C0B160-409E-4F54-AC87-36576C8E0DB5}.Ad-Hoc|iPhone.ActiveCfg = Release|Any CPU
		{13C0B160-409E-4F54-AC87-36576C8E0DB5}.Ad-Hoc|iPhoneSimulator.ActiveCfg = Release|Any CPU
		{13C0B160-409E-4F54-AC87-36576C8E0DB5}.Ad-Hoc|Mixed Platforms.ActiveCfg = Release|x86
		{13C0B160-409E-4F54-AC87-36576C8E0DB5}.Ad-Hoc|Mixed Platforms.Build.0 = Release|x86
		{13C0B160-409E-4F54-AC87-36576C8E0DB5}.Ad-Hoc|Mixed Platforms.Deploy.0 = Release|x86
		{13C0B160-409E-4F54-AC87-36576C8E0DB5}.Ad-Hoc|x86.ActiveCfg = Release|x86
		{13C0B160-409E-4F54-AC87-36576C8E0DB5}.Ad-Hoc|x86.Build.0 = Release|x86
		{13C0B160-409E-4F54-AC87-36576C8E0DB5}.Ad-Hoc|x86.Deploy.0 = Release|x86
		{13C0B160-409E-4F54-AC87-36576C8E0DB5}.AppStore|Any CPU.ActiveCfg = Release|Any CPU
		{13C0B160-409E-4F54-AC87-36576C8E0DB5}.AppStore|Any CPU.Build.0 = Release|Any CPU
		{13C0B160-409E-4F54-AC87-36576C8E0DB5}.AppStore|Any CPU.Deploy.0 = Release|Any CPU
		{13C0B160-409E-4F54-AC87-36576C8E0DB5}.AppStore|ARM.ActiveCfg = Release|ARM
		{13C0B160-409E-4F54-AC87-36576C8E0DB5}.AppStore|ARM.Build.0 = Release|ARM
		{13C0B160-409E-4F54-AC87-36576C8E0DB5}.AppStore|ARM.Deploy.0 = Release|ARM
		{13C0B160-409E-4F54-AC87-36576C8E0DB5}.AppStore|iPhone.ActiveCfg = Release|Any CPU
		{13C0B160-409E-4F54-AC87-36576C8E0DB5}.AppStore|iPhoneSimulator.ActiveCfg = Release|Any CPU
		{13C0B160-409E-4F54-AC87-36576C8E0DB5}.AppStore|Mixed Platforms.ActiveCfg = Release|x86
		{13C0B160-409E-4F54-AC87-36576C8E0DB5}.AppStore|Mixed Platforms.Build.0 = Release|x86
		{13C0B160-409E-4F54-AC87-36576C8E0DB5}.AppStore|Mixed Platforms.Deploy.0 = Release|x86
		{13C0B160-409E-4F54-AC87-36576C8E0DB5}.AppStore|x86.ActiveCfg = Release|x86
		{13C0B160-409E-4F54-AC87-36576C8E0DB5}.AppStore|x86.Build.0 = Release|x86
		{13C0B160-409E-4F54-AC87-36576C8E0DB5}.AppStore|x86.Deploy.0 = Release|x86
		{13C0B160-409E-4F54-AC87-36576C8E0DB5}.Debug|Any CPU.ActiveCfg = Debug|Any CPU
		{13C0B160-409E-4F54-AC87-36576C8E0DB5}.Debug|Any CPU.Build.0 = Debug|Any CPU
		{13C0B160-409E-4F54-AC87-36576C8E0DB5}.Debug|Any CPU.Deploy.0 = Debug|Any CPU
		{13C0B160-409E-4F54-AC87-36576C8E0DB5}.Debug|ARM.ActiveCfg = Debug|ARM
		{13C0B160-409E-4F54-AC87-36576C8E0DB5}.Debug|ARM.Build.0 = Debug|ARM
		{13C0B160-409E-4F54-AC87-36576C8E0DB5}.Debug|ARM.Deploy.0 = Debug|ARM
		{13C0B160-409E-4F54-AC87-36576C8E0DB5}.Debug|iPhone.ActiveCfg = Debug|Any CPU
		{13C0B160-409E-4F54-AC87-36576C8E0DB5}.Debug|iPhoneSimulator.ActiveCfg = Debug|Any CPU
		{13C0B160-409E-4F54-AC87-36576C8E0DB5}.Debug|Mixed Platforms.ActiveCfg = Debug|x86
		{13C0B160-409E-4F54-AC87-36576C8E0DB5}.Debug|Mixed Platforms.Build.0 = Debug|x86
		{13C0B160-409E-4F54-AC87-36576C8E0DB5}.Debug|Mixed Platforms.Deploy.0 = Debug|x86
		{13C0B160-409E-4F54-AC87-36576C8E0DB5}.Debug|x86.ActiveCfg = Debug|x86
		{13C0B160-409E-4F54-AC87-36576C8E0DB5}.Debug|x86.Build.0 = Debug|x86
		{13C0B160-409E-4F54-AC87-36576C8E0DB5}.Debug|x86.Deploy.0 = Debug|x86
		{13C0B160-409E-4F54-AC87-36576C8E0DB5}.Release|Any CPU.ActiveCfg = Release|Any CPU
		{13C0B160-409E-4F54-AC87-36576C8E0DB5}.Release|Any CPU.Build.0 = Release|Any CPU
		{13C0B160-409E-4F54-AC87-36576C8E0DB5}.Release|Any CPU.Deploy.0 = Release|Any CPU
		{13C0B160-409E-4F54-AC87-36576C8E0DB5}.Release|ARM.ActiveCfg = Release|ARM
		{13C0B160-409E-4F54-AC87-36576C8E0DB5}.Release|ARM.Build.0 = Release|ARM
		{13C0B160-409E-4F54-AC87-36576C8E0DB5}.Release|ARM.Deploy.0 = Release|ARM
		{13C0B160-409E-4F54-AC87-36576C8E0DB5}.Release|iPhone.ActiveCfg = Release|Any CPU
		{13C0B160-409E-4F54-AC87-36576C8E0DB5}.Release|iPhoneSimulator.ActiveCfg = Release|Any CPU
		{13C0B160-409E-4F54-AC87-36576C8E0DB5}.Release|Mixed Platforms.ActiveCfg = Release|x86
		{13C0B160-409E-4F54-AC87-36576C8E0DB5}.Release|Mixed Platforms.Build.0 = Release|x86
		{13C0B160-409E-4F54-AC87-36576C8E0DB5}.Release|Mixed Platforms.Deploy.0 = Release|x86
		{13C0B160-409E-4F54-AC87-36576C8E0DB5}.Release|x86.ActiveCfg = Release|x86
		{13C0B160-409E-4F54-AC87-36576C8E0DB5}.Release|x86.Build.0 = Release|x86
		{13C0B160-409E-4F54-AC87-36576C8E0DB5}.Release|x86.Deploy.0 = Release|x86
		{98F7F542-8365-4F4C-8276-46050086953D}.Ad-Hoc|Any CPU.ActiveCfg = Ad-Hoc|iPhone
		{98F7F542-8365-4F4C-8276-46050086953D}.Ad-Hoc|ARM.ActiveCfg = Ad-Hoc|iPhone
		{98F7F542-8365-4F4C-8276-46050086953D}.Ad-Hoc|iPhone.ActiveCfg = Ad-Hoc|iPhone
		{98F7F542-8365-4F4C-8276-46050086953D}.Ad-Hoc|iPhone.Build.0 = Ad-Hoc|iPhone
		{98F7F542-8365-4F4C-8276-46050086953D}.Ad-Hoc|iPhoneSimulator.ActiveCfg = Ad-Hoc|iPhoneSimulator
		{98F7F542-8365-4F4C-8276-46050086953D}.Ad-Hoc|iPhoneSimulator.Build.0 = Ad-Hoc|iPhoneSimulator
		{98F7F542-8365-4F4C-8276-46050086953D}.Ad-Hoc|Mixed Platforms.ActiveCfg = Ad-Hoc|iPhone
		{98F7F542-8365-4F4C-8276-46050086953D}.Ad-Hoc|Mixed Platforms.Build.0 = Ad-Hoc|iPhone
		{98F7F542-8365-4F4C-8276-46050086953D}.Ad-Hoc|x86.ActiveCfg = Ad-Hoc|iPhone
		{98F7F542-8365-4F4C-8276-46050086953D}.AppStore|Any CPU.ActiveCfg = AppStore|iPhone
		{98F7F542-8365-4F4C-8276-46050086953D}.AppStore|ARM.ActiveCfg = AppStore|iPhone
		{98F7F542-8365-4F4C-8276-46050086953D}.AppStore|iPhone.ActiveCfg = AppStore|iPhone
		{98F7F542-8365-4F4C-8276-46050086953D}.AppStore|iPhone.Build.0 = AppStore|iPhone
		{98F7F542-8365-4F4C-8276-46050086953D}.AppStore|iPhoneSimulator.ActiveCfg = AppStore|iPhoneSimulator
		{98F7F542-8365-4F4C-8276-46050086953D}.AppStore|iPhoneSimulator.Build.0 = AppStore|iPhoneSimulator
		{98F7F542-8365-4F4C-8276-46050086953D}.AppStore|Mixed Platforms.ActiveCfg = AppStore|iPhone
		{98F7F542-8365-4F4C-8276-46050086953D}.AppStore|Mixed Platforms.Build.0 = AppStore|iPhone
		{98F7F542-8365-4F4C-8276-46050086953D}.AppStore|x86.ActiveCfg = AppStore|iPhone
		{98F7F542-8365-4F4C-8276-46050086953D}.Debug|Any CPU.ActiveCfg = Debug|iPhone
		{98F7F542-8365-4F4C-8276-46050086953D}.Debug|ARM.ActiveCfg = Debug|iPhone
		{98F7F542-8365-4F4C-8276-46050086953D}.Debug|iPhone.ActiveCfg = Debug|iPhone
		{98F7F542-8365-4F4C-8276-46050086953D}.Debug|iPhone.Build.0 = Debug|iPhone
		{98F7F542-8365-4F4C-8276-46050086953D}.Debug|iPhoneSimulator.ActiveCfg = Debug|iPhoneSimulator
		{98F7F542-8365-4F4C-8276-46050086953D}.Debug|iPhoneSimulator.Build.0 = Debug|iPhoneSimulator
		{98F7F542-8365-4F4C-8276-46050086953D}.Debug|Mixed Platforms.ActiveCfg = Debug|iPhone
		{98F7F542-8365-4F4C-8276-46050086953D}.Debug|Mixed Platforms.Build.0 = Debug|iPhone
		{98F7F542-8365-4F4C-8276-46050086953D}.Debug|x86.ActiveCfg = Debug|iPhone
		{98F7F542-8365-4F4C-8276-46050086953D}.Release|Any CPU.ActiveCfg = Release|iPhone
		{98F7F542-8365-4F4C-8276-46050086953D}.Release|ARM.ActiveCfg = Release|iPhone
		{98F7F542-8365-4F4C-8276-46050086953D}.Release|iPhone.ActiveCfg = Release|iPhone
		{98F7F542-8365-4F4C-8276-46050086953D}.Release|iPhone.Build.0 = Release|iPhone
		{98F7F542-8365-4F4C-8276-46050086953D}.Release|iPhoneSimulator.ActiveCfg = Release|iPhoneSimulator
		{98F7F542-8365-4F4C-8276-46050086953D}.Release|iPhoneSimulator.Build.0 = Release|iPhoneSimulator
		{98F7F542-8365-4F4C-8276-46050086953D}.Release|Mixed Platforms.ActiveCfg = Release|iPhone
		{98F7F542-8365-4F4C-8276-46050086953D}.Release|Mixed Platforms.Build.0 = Release|iPhone
		{98F7F542-8365-4F4C-8276-46050086953D}.Release|x86.ActiveCfg = Release|iPhone
		{B09C1F88-D2A3-42C3-8995-2D08F63B3576}.Ad-Hoc|Any CPU.ActiveCfg = Release|Any CPU
		{B09C1F88-D2A3-42C3-8995-2D08F63B3576}.Ad-Hoc|Any CPU.Build.0 = Release|Any CPU
		{B09C1F88-D2A3-42C3-8995-2D08F63B3576}.Ad-Hoc|Any CPU.Deploy.0 = Release|Any CPU
		{B09C1F88-D2A3-42C3-8995-2D08F63B3576}.Ad-Hoc|ARM.ActiveCfg = Release|Any CPU
		{B09C1F88-D2A3-42C3-8995-2D08F63B3576}.Ad-Hoc|iPhone.ActiveCfg = Release|Any CPU
		{B09C1F88-D2A3-42C3-8995-2D08F63B3576}.Ad-Hoc|iPhoneSimulator.ActiveCfg = Release|Any CPU
		{B09C1F88-D2A3-42C3-8995-2D08F63B3576}.Ad-Hoc|Mixed Platforms.ActiveCfg = Release|Any CPU
		{B09C1F88-D2A3-42C3-8995-2D08F63B3576}.Ad-Hoc|Mixed Platforms.Build.0 = Release|Any CPU
		{B09C1F88-D2A3-42C3-8995-2D08F63B3576}.Ad-Hoc|Mixed Platforms.Deploy.0 = Release|Any CPU
		{B09C1F88-D2A3-42C3-8995-2D08F63B3576}.Ad-Hoc|x86.ActiveCfg = Release|Any CPU
		{B09C1F88-D2A3-42C3-8995-2D08F63B3576}.AppStore|Any CPU.ActiveCfg = Release|Any CPU
		{B09C1F88-D2A3-42C3-8995-2D08F63B3576}.AppStore|Any CPU.Build.0 = Release|Any CPU
		{B09C1F88-D2A3-42C3-8995-2D08F63B3576}.AppStore|Any CPU.Deploy.0 = Release|Any CPU
		{B09C1F88-D2A3-42C3-8995-2D08F63B3576}.AppStore|ARM.ActiveCfg = Release|Any CPU
		{B09C1F88-D2A3-42C3-8995-2D08F63B3576}.AppStore|iPhone.ActiveCfg = Release|Any CPU
		{B09C1F88-D2A3-42C3-8995-2D08F63B3576}.AppStore|iPhoneSimulator.ActiveCfg = Release|Any CPU
		{B09C1F88-D2A3-42C3-8995-2D08F63B3576}.AppStore|Mixed Platforms.ActiveCfg = Release|Any CPU
		{B09C1F88-D2A3-42C3-8995-2D08F63B3576}.AppStore|Mixed Platforms.Build.0 = Release|Any CPU
		{B09C1F88-D2A3-42C3-8995-2D08F63B3576}.AppStore|Mixed Platforms.Deploy.0 = Release|Any CPU
		{B09C1F88-D2A3-42C3-8995-2D08F63B3576}.AppStore|x86.ActiveCfg = Release|Any CPU
		{B09C1F88-D2A3-42C3-8995-2D08F63B3576}.Debug|Any CPU.ActiveCfg = Debug|Any CPU
		{B09C1F88-D2A3-42C3-8995-2D08F63B3576}.Debug|Any CPU.Build.0 = Debug|Any CPU
		{B09C1F88-D2A3-42C3-8995-2D08F63B3576}.Debug|Any CPU.Deploy.0 = Debug|Any CPU
		{B09C1F88-D2A3-42C3-8995-2D08F63B3576}.Debug|ARM.ActiveCfg = Debug|Any CPU
		{B09C1F88-D2A3-42C3-8995-2D08F63B3576}.Debug|iPhone.ActiveCfg = Debug|Any CPU
		{B09C1F88-D2A3-42C3-8995-2D08F63B3576}.Debug|iPhoneSimulator.ActiveCfg = Debug|Any CPU
		{B09C1F88-D2A3-42C3-8995-2D08F63B3576}.Debug|Mixed Platforms.ActiveCfg = Debug|Any CPU
		{B09C1F88-D2A3-42C3-8995-2D08F63B3576}.Debug|Mixed Platforms.Build.0 = Debug|Any CPU
		{B09C1F88-D2A3-42C3-8995-2D08F63B3576}.Debug|Mixed Platforms.Deploy.0 = Debug|Any CPU
		{B09C1F88-D2A3-42C3-8995-2D08F63B3576}.Debug|x86.ActiveCfg = Debug|Any CPU
		{B09C1F88-D2A3-42C3-8995-2D08F63B3576}.Release|Any CPU.ActiveCfg = Release|Any CPU
		{B09C1F88-D2A3-42C3-8995-2D08F63B3576}.Release|Any CPU.Build.0 = Release|Any CPU
		{B09C1F88-D2A3-42C3-8995-2D08F63B3576}.Release|Any CPU.Deploy.0 = Release|Any CPU
		{B09C1F88-D2A3-42C3-8995-2D08F63B3576}.Release|ARM.ActiveCfg = Release|Any CPU
		{B09C1F88-D2A3-42C3-8995-2D08F63B3576}.Release|iPhone.ActiveCfg = Release|Any CPU
		{B09C1F88-D2A3-42C3-8995-2D08F63B3576}.Release|iPhoneSimulator.ActiveCfg = Release|Any CPU
		{B09C1F88-D2A3-42C3-8995-2D08F63B3576}.Release|Mixed Platforms.ActiveCfg = Release|Any CPU
		{B09C1F88-D2A3-42C3-8995-2D08F63B3576}.Release|Mixed Platforms.Build.0 = Release|Any CPU
		{B09C1F88-D2A3-42C3-8995-2D08F63B3576}.Release|Mixed Platforms.Deploy.0 = Release|Any CPU
		{B09C1F88-D2A3-42C3-8995-2D08F63B3576}.Release|x86.ActiveCfg = Release|Any CPU
	EndGlobalSection
	GlobalSection(TeamFoundationVersionControl) = preSolution
		SccNumberOfProjects = 5
		SccEnterpriseProvider = {4CA58AB2-18FA-4F8D-95D4-32DDF27D184C}
		SccTeamFoundationServer = https://rafaelmoura.visualstudio.com/defaultcollection
		SccLocalPath0 = .
		SccProjectUniqueName1 = AppWebinar\\AppWebinar.Droid\\AppWebinar.Droid.csproj
		SccProjectName1 = AppWebinar/AppWebinar.Droid
		SccLocalPath1 = AppWebinar\\AppWebinar.Droid
		SccProjectUniqueName2 = AppWebinar\\AppWebinar.iOS\\AppWebinar.iOS.csproj
		SccProjectName2 = AppWebinar/AppWebinar.iOS
		SccLocalPath2 = AppWebinar\\AppWebinar.iOS
		SccProjectUniqueName3 = AppWebinar\\AppWebinar.WinPhone\\AppWebinar.WinPhone.csproj
		SccProjectName3 = AppWebinar/AppWebinar.WinPhone
		SccLocalPath3 = AppWebinar\\AppWebinar.WinPhone
		SccProjectUniqueName4 = AppWebinar\\AppWebinar\\AppWebinar.csproj
		SccProjectName4 = AppWebinar/AppWebinar
		SccLocalPath4 = AppWebinar\\AppWebinar
	EndGlobalSection
	GlobalSection(SolutionProperties) = preSolution
		HideSolutionNode = FALSE
	EndGlobalSection
EndGlobal
